<?xml version="1.0" encoding="utf-8"?>
<Project ToolsVersion="4.0" xmlns="http://schemas.microsoft.com/developer/msbuild/2003">
  <ItemGroup>
    <ClCompile Include="..\ClockTick.cpp">
      <Filter>Source Files</Filter>
    </ClCompile>
    <ClCompile Include="..\Definitions.cpp">
      <Filter>Source Files</Filter>
    </ClCompile>
    <ClCompile Include="..\Frame.cpp">
      <Filter>Source Files</Filter>
    </ClCompile>
    <ClCompile Include="Server.cpp">
      <Filter>Source Files</Filter>
    </ClCompile>
    <ClCompile Include="..\GameLogic\BoundingBox.cpp">
      <Filter>Source Files\GameLogic</Filter>
    </ClCompile>
    <ClCompile Include="..\GameLogic\PhysicalObject.cpp">
      <Filter>Source Files\GameLogic</Filter>
    </ClCompile>
    <ClCompile Include="..\GameLogic\PhysicalObjectManager.cpp">
      <Filter>Source Files\GameLogic</Filter>
    </ClCompile>
    <ClCompile Include="..\GameLogic\ObjCrown.cpp">
      <Filter>Source Files\GameLogic</Filter>
    </ClCompile>
    <ClCompile Include="..\GameLogic\ObjFloor.cpp">
      <Filter>Source Files\GameLogic</Filter>
    </ClCompile>
    <ClCompile Include="..\GameLogic\ObjMakeup.cpp">
      <Filter>Source Files\GameLogic</Filter>
    </ClCompile>
    <ClCompile Include="..\GameLogic\ObjPlayer.cpp">
      <Filter>Source Files\GameLogic</Filter>
    </ClCompile>
    <ClCompile Include="..\GameLogic\ObjWall.cpp">
      <Filter>Source Files\GameLogic</Filter>
    </ClCompile>
    <ClCompile Include="..\GameLogic\ObjTrail.cpp">
      <Filter>Source Files\GameLogic</Filter>
    </ClCompile>
  </ItemGroup>
  <ItemGroup>
    <ClInclude Include="..\ClockTick.hpp">
      <Filter>Header Files</Filter>
    </ClInclude>
    <ClInclude Include="..\Constants.hpp">
      <Filter>Header Files</Filter>
    </ClInclude>
    <ClInclude Include="..\Definitions.hpp">
      <Filter>Header Files</Filter>
    </ClInclude>
    <ClInclude Include="..\Frame.hpp">
      <Filter>Header Files</Filter>
    </ClInclude>
    <ClInclude Include="..\GameLogic\BoundingBox.hpp">
      <Filter>Header Files\GameLogic</Filter>
    </ClInclude>
    <ClInclude Include="..\GameLogic\PhysicalObject.hpp">
      <Filter>Header Files\GameLogic</Filter>
    </ClInclude>
    <ClInclude Include="..\GameLogic\PhysicalObjectManager.hpp">
      <Filter>Header Files\GameLogic</Filter>
    </ClInclude>
    <ClInclude Include="..\GameLogic\ObjCrown.hpp">
      <Filter>Header Files\GameLogic</Filter>
    </ClInclude>
    <ClInclude Include="..\GameLogic\ObjFloor.hpp">
      <Filter>Header Files\GameLogic</Filter>
    </ClInclude>
    <ClInclude Include="..\GameLogic\ObjMakeup.hpp">
      <Filter>Header Files\GameLogic</Filter>
    </ClInclude>
    <ClInclude Include="..\GameLogic\ObjPlayer.hpp">
      <Filter>Header Files\GameLogic</Filter>
    </ClInclude>
    <ClInclude Include="..\GameLogic\ObjWall.hpp">
      <Filter>Header Files\GameLogic</Filter>
    </ClInclude>
    <ClInclude Include="..\GameLogic\core.h">
      <Filter>Header Files\GameLogic</Filter>
    </ClInclude>
    <ClInclude Include="..\GameLogic\ObjTrail.hpp">
      <Filter>Header Files\GameLogic</Filter>
    </ClInclude>
  </ItemGroup>
  <ItemGroup>
    <Filter Include="Header Files">
      <UniqueIdentifier>{0dc87a75-4581-4c86-a9f6-7a1f8eaf6536}</UniqueIdentifier>
    </Filter>
    <Filter Include="Source Files">
      <UniqueIdentifier>{db0202ee-79e5-4653-b17d-1c24070966c8}</UniqueIdentifier>
    </Filter>
    <Filter Include="Header Files\GameLogic">
      <UniqueIdentifier>{a8ec7a29-901d-4e86-b8ac-4c448e5317c8}</UniqueIdentifier>
    </Filter>
    <Filter Include="Source Files\GameLogic">
      <UniqueIdentifier>{e113ffd1-953e-44ae-b965-62ae2cfdd38f}</UniqueIdentifier>
    </Filter>
  </ItemGroup>
</Project>